
Microsoft Visual Studio Solution File, Format Version 12.00
# Visual Studio Version 17
VisualStudioVersion = 17.6.33815.320
MinimumVisualStudioVersion = 10.0.40219.1
Project("{FAE04EC0-301F-11D3-BF4B-00C04F79EFBC}") = "SalvadorForm", "SalvadorForm\SalvadorForm.csproj", "{CF86B656-8F9B-4D19-8ECC-8DB928F54040}"
EndProject
Global
	GlobalSection(SolutionConfigurationPlatforms) = preSolution
		Debug|Any CPU = Debug|Any CPU
		Release|Any CPU = Release|Any CPU
	EndGlobalSection
	GlobalSection(ProjectConfigurationPlatforms) = postSolution
		{CF86B656-8F9B-4D19-8ECC-8DB928F54040}.Debug|Any CPU.ActiveCfg = Debug|Any CPU
		{CF86B656-8F9B-4D19-8ECC-8DB928F54040}.Debug|Any CPU.Build.0 = Debug|Any CPU
		{CF86B656-8F9B-4D19-8ECC-8DB928F54040}.Release|Any CPU.ActiveCfg = Release|Any CPU
		{CF86B656-8F9B-4D19-8ECC-8DB928F54040}.Release|Any CPU.Build.0 = Release|Any CPU
	EndGlobalSection
	GlobalSection(SolutionProperties) = preSolution
		HideSolutionNode = FALSE
	EndGlobalSection
	GlobalSection(ExtensibilityGlobals) = postSolution
		SolutionGuid = {2D2D2165-D4F4-4F50-A9BF-3BE77978B5F3}
	EndGlobalSection
EndGlobal
